
Microsoft Visual Studio Solution File, Format Version 12.00
# Visual Studio 15
VisualStudioVersion = 15.0.27428.2005
MinimumVisualStudioVersion = 10.0.40219.1
Project("{FAE04EC0-301F-11D3-BF4B-00C04F79EFBC}") = "RegeditRecursive", "RegeditRecursive.csproj", "{C45AE283-A526-43C9-84DB-72FE61381837}"
EndProject
Global
	GlobalSection(SolutionConfigurationPlatforms) = preSolution
		Debug|Any CPU = Debug|Any CPU
		Release|Any CPU = Release|Any CPU
	EndGlobalSection
	GlobalSection(ProjectConfigurationPlatforms) = postSolution
		{C45AE283-A526-43C9-84DB-72FE61381837}.Debug|Any CPU.ActiveCfg = Debug|Any CPU
		{C45AE283-A526-43C9-84DB-72FE61381837}.Debug|Any CPU.Build.0 = Debug|Any CPU
		{C45AE283-A526-43C9-84DB-72FE61381837}.Release|Any CPU.ActiveCfg = Release|Any CPU
		{C45AE283-A526-43C9-84DB-72FE61381837}.Release|Any CPU.Build.0 = Release|Any CPU
	EndGlobalSection
	GlobalSection(SolutionProperties) = preSolution
		HideSolutionNode = FALSE
	EndGlobalSection
	GlobalSection(ExtensibilityGlobals) = postSolution
		SolutionGuid = {46FEDB08-BD32-49F0-96AC-E73AB9145D84}
	EndGlobalSection
EndGlobal
